{
  "nodes": {
    "firefox-addons": {
      "inputs": {
        "nixpkgs": [
          "nixpkgs"
        ]
      },
      "locked": {
        "dir": "pkgs/firefox-addons",
        "lastModified": 1764907471,
        "narHash": "sha256-8JrQq+vRZTTMqHjyBC1OcDThjU29ui6+KCcQzGAVdRk=",
        "owner": "rycee",
        "repo": "nur-expressions",
        "rev": "a40541abfdeeee6f18da6f56e5882c90ed369b6e",
        "type": "gitlab"
      },
      "original": {
        "dir": "pkgs/firefox-addons",
        "owner": "rycee",
        "repo": "nur-expressions",
        "type": "gitlab"
      }
    },
    "flake-utils": {
      "inputs": {
        "systems": "systems"
      },
      "locked": {
        "lastModified": 1731533236,
        "narHash": "sha256-l0KFg5HjrsfsO/JpG+r7fRrqm12kzFHyUHqHCVpMMbI=",
        "owner": "numtide",
        "repo": "flake-utils",
        "rev": "11707dc2f618dd54ca8739b309ec4fc024de578b",
        "type": "github"
      },
      "original": {
        "owner": "numtide",
        "repo": "flake-utils",
        "type": "github"
      }
    },
    "flake-utils_2": {
      "inputs": {
        "systems": "systems_2"
      },
      "locked": {
        "lastModified": 1731533236,
        "narHash": "sha256-l0KFg5HjrsfsO/JpG+r7fRrqm12kzFHyUHqHCVpMMbI=",
        "owner": "numtide",
        "repo": "flake-utils",
        "rev": "11707dc2f618dd54ca8739b309ec4fc024de578b",
        "type": "github"
      },
      "original": {
        "owner": "numtide",
        "repo": "flake-utils",
        "type": "github"
      }
    },
    "flake-utils_3": {
      "inputs": {
        "systems": "systems_3"
      },
      "locked": {
        "lastModified": 1731533236,
        "narHash": "sha256-l0KFg5HjrsfsO/JpG+r7fRrqm12kzFHyUHqHCVpMMbI=",
        "owner": "numtide",
        "repo": "flake-utils",
        "rev": "11707dc2f618dd54ca8739b309ec4fc024de578b",
        "type": "github"
      },
      "original": {
        "owner": "numtide",
        "repo": "flake-utils",
        "type": "github"
      }
    },
    "home-manager": {
      "inputs": {
        "nixpkgs": [
          "nixpkgs"
        ]
      },
      "locked": {
        "lastModified": 1763992789,
        "narHash": "sha256-WHkdBlw6oyxXIra/vQPYLtqY+3G8dUVZM8bEXk0t8x4=",
        "owner": "nix-community",
        "repo": "home-manager",
        "rev": "44831a7eaba4360fb81f2acc5ea6de5fde90aaa3",
        "type": "github"
      },
      "original": {
        "owner": "nix-community",
        "ref": "release-25.05",
        "repo": "home-manager",
        "type": "github"
      }
    },
    "#########-metatron": {
      "inputs": {
        "flake-utils": "flake-utils",
        "nixpkgs": [
          "nixpkgs"
        ]
      },
      "locked": {
        "lastModified": 1763772774,
        "narHash": "sha256-xwyCTqeiu8+syHTR1z7HaZtE2aMGB1ClN0uMzaN0ms0=",
        "path": "/home/#########/Documents/#########-eng-tools/metatron",
        "type": "path"
      },
      "original": {
        "path": "/home/#########/Documents/#########-eng-tools/metatron",
        "type": "path"
      }
    },
    "#########-newt": {
      "inputs": {
        "flake-utils": "flake-utils_2",
        "nixpkgs": [
          "nixpkgs"
        ]
      },
      "locked": {
        "lastModified": 1763772752,
        "narHash": "sha256-VT0WkFH39mEbiuo96cnPfSdGEP7ImZp2SM365zzjgUQ=",
        "path": "/home/#########/Documents/#########-eng-tools/newt",
        "type": "path"
      },
      "original": {
        "path": "/home/#########/Documents/#########-eng-tools/newt",
        "type": "path"
      }
    },
    "#########-vpn": {
      "inputs": {
        "flake-utils": "flake-utils_3",
        "nixpkgs": [
          "nixpkgs"
        ]
      },
      "locked": {
        "lastModified": 1764739298,
        "narHash": "sha256-OzccluzsNSzVzqVzp2xUuRLyfz3jkKorT3vMxGfLuQA=",
        "path": "/home/#########/Documents/#########-eng-tools/vpn",
        "type": "path"
      },
      "original": {
        "path": "/home/#########/Documents/#########-eng-tools/vpn",
        "type": "path"
      }
    },
    "nixpkgs": {
      "locked": {
        "lastModified": 1764836381,
        "narHash": "sha256-8jemYbbW9EBttQKHep7Rj8kzXaxsrk/lACdXA2DN5Xk=",
        "owner": "NixOS",
        "repo": "nixpkgs",
        "rev": "ff06bd3398fb1bea6c937039ece7e7c8aa396ebf",
        "type": "github"
      },
      "original": {
        "id": "nixpkgs",
        "ref": "nixos-25.05",
        "type": "indirect"
      }
    },
    "nixpkgs-unstable": {
      "locked": {
        "lastModified": 1764915887,
        "narHash": "sha256-CeBCJ9BMsuzVgn8GVfuSRZ6xeau7szzG0Xn6O/OxP9M=",
        "owner": "nixos",
        "repo": "nixpkgs",
        "rev": "42e29df35be6ef54091d3a3b4e97056ce0a98ce8",
        "type": "github"
      },
      "original": {
        "owner": "nixos",
        "ref": "nixpkgs-unstable",
        "repo": "nixpkgs",
        "type": "github"
      }
    },
    "openconnect-pulse-launcher": {
      "inputs": {
        "nixpkgs": [
          "nixpkgs"
        ]
      },
      "locked": {
        "lastModified": 1757702589,
        "narHash": "sha256-BHmo/YcE6hxlMHkP8JeIYYsxMX/UOTCY9RCYgm6wab8=",
        "owner": "erahhal",
        "repo": "openconnect-pulse-launcher",
        "rev": "2964a371088d8dc2abf39097a4c37571ef2b0767",
        "type": "github"
      },
      "original": {
        "owner": "erahhal",
        "repo": "openconnect-pulse-launcher",
        "type": "github"
      }
    },
    "plasma-manager": {
      "inputs": {
        "home-manager": [
          "home-manager"
        ],
        "nixpkgs": [
          "nixpkgs"
        ]
      },
      "locked": {
        "lastModified": 1763909441,
        "narHash": "sha256-56LwV51TX/FhgX+5LCG6akQ5KrOWuKgcJa+eUsRMxsc=",
        "owner": "nix-community",
        "repo": "plasma-manager",
        "rev": "b24ed4b272256dfc1cc2291f89a9821d5f9e14b4",
        "type": "github"
      },
      "original": {
        "owner": "nix-community",
        "repo": "plasma-manager",
        "type": "github"
      }
    },
    "root": {
      "inputs": {
        "firefox-addons": "firefox-addons",
        "home-manager": "home-manager",
        "#########-metatron": "#########-metatron",
        "#########-newt": "#########-newt",
        "#########-vpn": "#########-vpn",
        "nixpkgs": "nixpkgs",
        "nixpkgs-unstable": "nixpkgs-unstable",
        "openconnect-pulse-launcher": "openconnect-pulse-launcher",
        "plasma-manager": "plasma-manager"
      }
    },
    "systems": {
      "locked": {
        "lastModified": 1681028828,
        "narHash": "sha256-Vy1rq5AaRuLzOxct8nz4T6wlgyUR7zLU309k9mBC768=",
        "owner": "nix-systems",
        "repo": "default",
        "rev": "da67096a3b9bf56a91d16901293e51ba5b49a27e",
        "type": "github"
      },
      "original": {
        "owner": "nix-systems",
        "repo": "default",
        "type": "github"
      }
    },
    "systems_2": {
      "locked": {
        "lastModified": 1681028828,
        "narHash": "sha256-Vy1rq5AaRuLzOxct8nz4T6wlgyUR7zLU309k9mBC768=",
        "owner": "nix-systems",
        "repo": "default",
        "rev": "da67096a3b9bf56a91d16901293e51ba5b49a27e",
        "type": "github"
      },
      "original": {
        "owner": "nix-systems",
        "repo": "default",
        "type": "github"
      }
    },
    "systems_3": {
      "locked": {
        "lastModified": 1681028828,
        "narHash": "sha256-Vy1rq5AaRuLzOxct8nz4T6wlgyUR7zLU309k9mBC768=",
        "owner": "nix-systems",
        "repo": "default",
        "rev": "da67096a3b9bf56a91d16901293e51ba5b49a27e",
        "type": "github"
      },
      "original": {
        "owner": "nix-systems",
        "repo": "default",
        "type": "github"
      }
    }
  },
  "root": "root",
  "version": 7
}
